
Microsoft Visual Studio Solution File, Format Version 12.00
# Visual Studio 2012
Project("{FAE04EC0-301F-11D3-BF4B-00C04F79EFBC}") = "myForum", "myForum\myForum.csproj", "{273A2B89-E85A-4454-A870-292D5362766D}"
EndProject
Project("{FAE04EC0-301F-11D3-BF4B-00C04F79EFBC}") = "myForum.iOS", "iOS\myForum.iOS.csproj", "{89EBD012-4ED6-4E53-9CCF-05951D6F5D67}"
EndProject
Project("{FAE04EC0-301F-11D3-BF4B-00C04F79EFBC}") = "myForum.Droid", "Droid\myForum.Droid.csproj", "{021DBD54-5FC0-437D-831F-C5440E695412}"
EndProject
Global
	GlobalSection(SolutionConfigurationPlatforms) = preSolution
		Debug|Any CPU = Debug|Any CPU
		Release|Any CPU = Release|Any CPU
		Debug|iPhoneSimulator = Debug|iPhoneSimulator
		Release|iPhone = Release|iPhone
		Release|iPhoneSimulator = Release|iPhoneSimulator
		Debug|iPhone = Debug|iPhone
	EndGlobalSection
	GlobalSection(ProjectConfigurationPlatforms) = postSolution
		{273A2B89-E85A-4454-A870-292D5362766D}.Debug|Any CPU.ActiveCfg = Debug|Any CPU
		{273A2B89-E85A-4454-A870-292D5362766D}.Debug|Any CPU.Build.0 = Debug|Any CPU
		{273A2B89-E85A-4454-A870-292D5362766D}.Release|Any CPU.ActiveCfg = Release|Any CPU
		{273A2B89-E85A-4454-A870-292D5362766D}.Release|Any CPU.Build.0 = Release|Any CPU
		{273A2B89-E85A-4454-A870-292D5362766D}.Debug|iPhoneSimulator.ActiveCfg = Debug|Any CPU
		{273A2B89-E85A-4454-A870-292D5362766D}.Debug|iPhoneSimulator.Build.0 = Debug|Any CPU
		{273A2B89-E85A-4454-A870-292D5362766D}.Release|iPhone.ActiveCfg = Release|Any CPU
		{273A2B89-E85A-4454-A870-292D5362766D}.Release|iPhone.Build.0 = Release|Any CPU
		{273A2B89-E85A-4454-A870-292D5362766D}.Release|iPhoneSimulator.ActiveCfg = Release|Any CPU
		{273A2B89-E85A-4454-A870-292D5362766D}.Release|iPhoneSimulator.Build.0 = Release|Any CPU
		{273A2B89-E85A-4454-A870-292D5362766D}.Debug|iPhone.ActiveCfg = Debug|Any CPU
		{273A2B89-E85A-4454-A870-292D5362766D}.Debug|iPhone.Build.0 = Debug|Any CPU
		{89EBD012-4ED6-4E53-9CCF-05951D6F5D67}.Debug|Any CPU.ActiveCfg = Debug|iPhoneSimulator
		{89EBD012-4ED6-4E53-9CCF-05951D6F5D67}.Debug|Any CPU.Build.0 = Debug|iPhoneSimulator
		{89EBD012-4ED6-4E53-9CCF-05951D6F5D67}.Release|Any CPU.ActiveCfg = Release|iPhone
		{89EBD012-4ED6-4E53-9CCF-05951D6F5D67}.Release|Any CPU.Build.0 = Release|iPhone
		{89EBD012-4ED6-4E53-9CCF-05951D6F5D67}.Debug|iPhoneSimulator.ActiveCfg = Debug|iPhoneSimulator
		{89EBD012-4ED6-4E53-9CCF-05951D6F5D67}.Debug|iPhoneSimulator.Build.0 = Debug|iPhoneSimulator
		{89EBD012-4ED6-4E53-9CCF-05951D6F5D67}.Release|iPhone.ActiveCfg = Release|iPhone
		{89EBD012-4ED6-4E53-9CCF-05951D6F5D67}.Release|iPhone.Build.0 = Release|iPhone
		{89EBD012-4ED6-4E53-9CCF-05951D6F5D67}.Release|iPhoneSimulator.ActiveCfg = Release|iPhoneSimulator
		{89EBD012-4ED6-4E53-9CCF-05951D6F5D67}.Release|iPhoneSimulator.Build.0 = Release|iPhoneSimulator
		{89EBD012-4ED6-4E53-9CCF-05951D6F5D67}.Debug|iPhone.ActiveCfg = Debug|iPhone
		{89EBD012-4ED6-4E53-9CCF-05951D6F5D67}.Debug|iPhone.Build.0 = Debug|iPhone
		{021DBD54-5FC0-437D-831F-C5440E695412}.Debug|Any CPU.ActiveCfg = Debug|Any CPU
		{021DBD54-5FC0-437D-831F-C5440E695412}.Debug|Any CPU.Build.0 = Debug|Any CPU
		{021DBD54-5FC0-437D-831F-C5440E695412}.Release|Any CPU.ActiveCfg = Release|Any CPU
		{021DBD54-5FC0-437D-831F-C5440E695412}.Release|Any CPU.Build.0 = Release|Any CPU
		{021DBD54-5FC0-437D-831F-C5440E695412}.Debug|iPhoneSimulator.ActiveCfg = Debug|Any CPU
		{021DBD54-5FC0-437D-831F-C5440E695412}.Debug|iPhoneSimulator.Build.0 = Debug|Any CPU
		{021DBD54-5FC0-437D-831F-C5440E695412}.Release|iPhone.ActiveCfg = Release|Any CPU
		{021DBD54-5FC0-437D-831F-C5440E695412}.Release|iPhone.Build.0 = Release|Any CPU
		{021DBD54-5FC0-437D-831F-C5440E695412}.Release|iPhoneSimulator.ActiveCfg = Release|Any CPU
		{021DBD54-5FC0-437D-831F-C5440E695412}.Release|iPhoneSimulator.Build.0 = Release|Any CPU
		{021DBD54-5FC0-437D-831F-C5440E695412}.Debug|iPhone.ActiveCfg = Debug|Any CPU
		{021DBD54-5FC0-437D-831F-C5440E695412}.Debug|iPhone.Build.0 = Debug|Any CPU
	EndGlobalSection
EndGlobal
