
Microsoft Visual Studio Solution File, Format Version 12.00
# Visual Studio 2012
Project("{FAE04EC0-301F-11D3-BF4B-00C04F79EFBC}") = "myForum", "myForum\myForum.csproj", "{4E95D7C6-FB00-4DA9-91DC-8812A99543A5}"
EndProject
Project("{FAE04EC0-301F-11D3-BF4B-00C04F79EFBC}") = "myForum.iOS", "iOS\myForum.iOS.csproj", "{FEF2A3D9-4C7D-4CD5-AC97-85545B3070E3}"
EndProject
Project("{FAE04EC0-301F-11D3-BF4B-00C04F79EFBC}") = "myForum.Droid", "Droid\myForum.Droid.csproj", "{F887E537-9764-46D3-9FB2-3A2D87DBBBC1}"
EndProject
Global
	GlobalSection(SolutionConfigurationPlatforms) = preSolution
		Debug|Any CPU = Debug|Any CPU
		Release|Any CPU = Release|Any CPU
		Debug|iPhoneSimulator = Debug|iPhoneSimulator
		Release|iPhone = Release|iPhone
		Release|iPhoneSimulator = Release|iPhoneSimulator
		Debug|iPhone = Debug|iPhone
	EndGlobalSection
	GlobalSection(ProjectConfigurationPlatforms) = postSolution
		{4E95D7C6-FB00-4DA9-91DC-8812A99543A5}.Debug|Any CPU.ActiveCfg = Debug|Any CPU
		{4E95D7C6-FB00-4DA9-91DC-8812A99543A5}.Debug|Any CPU.Build.0 = Debug|Any CPU
		{4E95D7C6-FB00-4DA9-91DC-8812A99543A5}.Release|Any CPU.ActiveCfg = Release|Any CPU
		{4E95D7C6-FB00-4DA9-91DC-8812A99543A5}.Release|Any CPU.Build.0 = Release|Any CPU
		{4E95D7C6-FB00-4DA9-91DC-8812A99543A5}.Debug|iPhoneSimulator.ActiveCfg = Debug|Any CPU
		{4E95D7C6-FB00-4DA9-91DC-8812A99543A5}.Debug|iPhoneSimulator.Build.0 = Debug|Any CPU
		{4E95D7C6-FB00-4DA9-91DC-8812A99543A5}.Release|iPhone.ActiveCfg = Release|Any CPU
		{4E95D7C6-FB00-4DA9-91DC-8812A99543A5}.Release|iPhone.Build.0 = Release|Any CPU
		{4E95D7C6-FB00-4DA9-91DC-8812A99543A5}.Release|iPhoneSimulator.ActiveCfg = Release|Any CPU
		{4E95D7C6-FB00-4DA9-91DC-8812A99543A5}.Release|iPhoneSimulator.Build.0 = Release|Any CPU
		{4E95D7C6-FB00-4DA9-91DC-8812A99543A5}.Debug|iPhone.ActiveCfg = Debug|Any CPU
		{4E95D7C6-FB00-4DA9-91DC-8812A99543A5}.Debug|iPhone.Build.0 = Debug|Any CPU
		{FEF2A3D9-4C7D-4CD5-AC97-85545B3070E3}.Debug|Any CPU.ActiveCfg = Debug|iPhoneSimulator
		{FEF2A3D9-4C7D-4CD5-AC97-85545B3070E3}.Debug|Any CPU.Build.0 = Debug|iPhoneSimulator
		{FEF2A3D9-4C7D-4CD5-AC97-85545B3070E3}.Release|Any CPU.ActiveCfg = Release|iPhone
		{FEF2A3D9-4C7D-4CD5-AC97-85545B3070E3}.Release|Any CPU.Build.0 = Release|iPhone
		{FEF2A3D9-4C7D-4CD5-AC97-85545B3070E3}.Debug|iPhoneSimulator.ActiveCfg = Debug|iPhoneSimulator
		{FEF2A3D9-4C7D-4CD5-AC97-85545B3070E3}.Debug|iPhoneSimulator.Build.0 = Debug|iPhoneSimulator
		{FEF2A3D9-4C7D-4CD5-AC97-85545B3070E3}.Release|iPhone.ActiveCfg = Release|iPhone
		{FEF2A3D9-4C7D-4CD5-AC97-85545B3070E3}.Release|iPhone.Build.0 = Release|iPhone
		{FEF2A3D9-4C7D-4CD5-AC97-85545B3070E3}.Release|iPhoneSimulator.ActiveCfg = Release|iPhoneSimulator
		{FEF2A3D9-4C7D-4CD5-AC97-85545B3070E3}.Release|iPhoneSimulator.Build.0 = Release|iPhoneSimulator
		{FEF2A3D9-4C7D-4CD5-AC97-85545B3070E3}.Debug|iPhone.ActiveCfg = Debug|iPhone
		{FEF2A3D9-4C7D-4CD5-AC97-85545B3070E3}.Debug|iPhone.Build.0 = Debug|iPhone
		{F887E537-9764-46D3-9FB2-3A2D87DBBBC1}.Debug|Any CPU.ActiveCfg = Debug|Any CPU
		{F887E537-9764-46D3-9FB2-3A2D87DBBBC1}.Debug|Any CPU.Build.0 = Debug|Any CPU
		{F887E537-9764-46D3-9FB2-3A2D87DBBBC1}.Release|Any CPU.ActiveCfg = Release|Any CPU
		{F887E537-9764-46D3-9FB2-3A2D87DBBBC1}.Release|Any CPU.Build.0 = Release|Any CPU
		{F887E537-9764-46D3-9FB2-3A2D87DBBBC1}.Debug|iPhoneSimulator.ActiveCfg = Debug|Any CPU
		{F887E537-9764-46D3-9FB2-3A2D87DBBBC1}.Debug|iPhoneSimulator.Build.0 = Debug|Any CPU
		{F887E537-9764-46D3-9FB2-3A2D87DBBBC1}.Release|iPhone.ActiveCfg = Release|Any CPU
		{F887E537-9764-46D3-9FB2-3A2D87DBBBC1}.Release|iPhone.Build.0 = Release|Any CPU
		{F887E537-9764-46D3-9FB2-3A2D87DBBBC1}.Release|iPhoneSimulator.ActiveCfg = Release|Any CPU
		{F887E537-9764-46D3-9FB2-3A2D87DBBBC1}.Release|iPhoneSimulator.Build.0 = Release|Any CPU
		{F887E537-9764-46D3-9FB2-3A2D87DBBBC1}.Debug|iPhone.ActiveCfg = Debug|Any CPU
		{F887E537-9764-46D3-9FB2-3A2D87DBBBC1}.Debug|iPhone.Build.0 = Debug|Any CPU
	EndGlobalSection
EndGlobal
